Microsoft Visual Studio Solution File, Format Version 11.00
# Visual Studio 2008

Project("{0D3B6D90-DFBA-1753-1BAA-A38C61EC4D98}") = "MultiFPS - ep 6", "Assembly-CSharp.csproj", "{E74E1650-E549-335E-2767-410433BE2E3C}"
EndProject
Project("{0D3B6D90-DFBA-1753-1BAA-A38C61EC4D98}") = "MultiFPS - ep 6", "Assembly-CSharp-Editor.csproj", "{76A2FE60-3CF0-9CE7-EA75-59ED10B92F4B}"
EndProject
Project("{0D3B6D90-DFBA-1753-1BAA-A38C61EC4D98}") = "MultiFPS - ep 6", "Assembly-UnityScript.unityproj", "{BF0B3E54-7C30-3302-24A4-EC092478FCBE}"
EndProject
Global
	GlobalSection(SolutionConfigurationPlatforms) = preSolution
		Debug|Any CPU = Debug|Any CPU
		Release|Any CPU = Release|Any CPU
	EndGlobalSection
	GlobalSection(ProjectConfigurationPlatforms) = postSolution
		{E74E1650-E549-335E-2767-410433BE2E3C}.Debug|Any CPU.ActiveCfg = Debug|Any CPU
		{E74E1650-E549-335E-2767-410433BE2E3C}.Debug|Any CPU.Build.0 = Debug|Any CPU
		{E74E1650-E549-335E-2767-410433BE2E3C}.Release|Any CPU.ActiveCfg = Release|Any CPU
		{E74E1650-E549-335E-2767-410433BE2E3C}.Release|Any CPU.Build.0 = Release|Any CPU
		{76A2FE60-3CF0-9CE7-EA75-59ED10B92F4B}.Debug|Any CPU.ActiveCfg = Debug|Any CPU
		{76A2FE60-3CF0-9CE7-EA75-59ED10B92F4B}.Debug|Any CPU.Build.0 = Debug|Any CPU
		{76A2FE60-3CF0-9CE7-EA75-59ED10B92F4B}.Release|Any CPU.ActiveCfg = Release|Any CPU
		{76A2FE60-3CF0-9CE7-EA75-59ED10B92F4B}.Release|Any CPU.Build.0 = Release|Any CPU
		{BF0B3E54-7C30-3302-24A4-EC092478FCBE}.Debug|Any CPU.ActiveCfg = Debug|Any CPU
		{BF0B3E54-7C30-3302-24A4-EC092478FCBE}.Debug|Any CPU.Build.0 = Debug|Any CPU
		{BF0B3E54-7C30-3302-24A4-EC092478FCBE}.Release|Any CPU.ActiveCfg = Release|Any CPU
		{BF0B3E54-7C30-3302-24A4-EC092478FCBE}.Release|Any CPU.Build.0 = Release|Any CPU
	EndGlobalSection
	GlobalSection(SolutionProperties) = preSolution
		HideSolutionNode = FALSE
	EndGlobalSection
																		GlobalSection(MonoDevelopProperties) = preSolution
		StartupItem = Assembly-CSharp.csproj
		Policies = $0
		$0.TextStylePolicy = $1
		$1.inheritsSet = null
		$1.scope = text/x-csharp
		$0.CSharpFormattingPolicy = $2
		$2.inheritsSet = Mono
		$2.inheritsScope = text/x-csharp
		$2.scope = text/x-csharp
		$0.TextStylePolicy = $3
		$3.FileWidth = 120
		$3.TabWidth = 4
		$3.EolMarker = Unix
		$3.inheritsSet = Mono
		$3.inheritsScope = text/plain
		$3.scope = text/plain
	EndGlobalSection

EndGlobal
